
Microsoft Visual Studio Solution File, Format Version 12.00
# Visual Studio 15
VisualStudioVersion = 15.0.26430.15
MinimumVisualStudioVersion = 10.0.40219.1
Project("{FAE04EC0-301F-11D3-BF4B-00C04F79EFBC}") = "Conference15_100", "ConsoleApp1\Conference15_100.csproj", "{EFF05819-8921-42AA-8710-46BD6749A6C2}"
EndProject
Project("{FAE04EC0-301F-11D3-BF4B-00C04F79EFBC}") = "Player ranking 100_100", "ConsoleApp2\Player ranking 100_100.csproj", "{B7CA01A6-6C3C-43B8-9E23-13DB1177CC7F}"
EndProject
Project("{FAE04EC0-301F-11D3-BF4B-00C04F79EFBC}") = "Gold fever v2 0_100", "ConsoleApp5\Gold fever v2 0_100.csproj", "{435EAD9D-A870-4EA2-9F68-7683ACC14D38}"
EndProject
Project("{FAE04EC0-301F-11D3-BF4B-00C04F79EFBC}") = "Units of work 100_100", "ConsoleApp7\Units of work 100_100.csproj", "{53534A8C-85B7-4E26-AD6B-EA6C82968900}"
EndProject
Project("{FAE04EC0-301F-11D3-BF4B-00C04F79EFBC}") = "OnlineMarket 100_100", "ConsoleApp8\OnlineMarket 100_100.csproj", "{1C54C423-5F1C-420D-8D83-721C4AB4194C}"
EndProject
Project("{FAE04EC0-301F-11D3-BF4B-00C04F79EFBC}") = "dynamic", "dynamic\dynamic.csproj", "{B73A6FF4-D170-47CB-A802-38E2F2AACAC5}"
EndProject
Global
	GlobalSection(SolutionConfigurationPlatforms) = preSolution
		Debug|Any CPU = Debug|Any CPU
		Release|Any CPU = Release|Any CPU
	EndGlobalSection
	GlobalSection(ProjectConfigurationPlatforms) = postSolution
		{EFF05819-8921-42AA-8710-46BD6749A6C2}.Debug|Any CPU.ActiveCfg = Debug|Any CPU
		{EFF05819-8921-42AA-8710-46BD6749A6C2}.Debug|Any CPU.Build.0 = Debug|Any CPU
		{EFF05819-8921-42AA-8710-46BD6749A6C2}.Release|Any CPU.ActiveCfg = Release|Any CPU
		{EFF05819-8921-42AA-8710-46BD6749A6C2}.Release|Any CPU.Build.0 = Release|Any CPU
		{B7CA01A6-6C3C-43B8-9E23-13DB1177CC7F}.Debug|Any CPU.ActiveCfg = Debug|Any CPU
		{B7CA01A6-6C3C-43B8-9E23-13DB1177CC7F}.Debug|Any CPU.Build.0 = Debug|Any CPU
		{B7CA01A6-6C3C-43B8-9E23-13DB1177CC7F}.Release|Any CPU.ActiveCfg = Release|Any CPU
		{B7CA01A6-6C3C-43B8-9E23-13DB1177CC7F}.Release|Any CPU.Build.0 = Release|Any CPU
		{435EAD9D-A870-4EA2-9F68-7683ACC14D38}.Debug|Any CPU.ActiveCfg = Debug|Any CPU
		{435EAD9D-A870-4EA2-9F68-7683ACC14D38}.Debug|Any CPU.Build.0 = Debug|Any CPU
		{435EAD9D-A870-4EA2-9F68-7683ACC14D38}.Release|Any CPU.ActiveCfg = Release|Any CPU
		{435EAD9D-A870-4EA2-9F68-7683ACC14D38}.Release|Any CPU.Build.0 = Release|Any CPU
		{53534A8C-85B7-4E26-AD6B-EA6C82968900}.Debug|Any CPU.ActiveCfg = Debug|Any CPU
		{53534A8C-85B7-4E26-AD6B-EA6C82968900}.Debug|Any CPU.Build.0 = Debug|Any CPU
		{53534A8C-85B7-4E26-AD6B-EA6C82968900}.Release|Any CPU.ActiveCfg = Release|Any CPU
		{53534A8C-85B7-4E26-AD6B-EA6C82968900}.Release|Any CPU.Build.0 = Release|Any CPU
		{1C54C423-5F1C-420D-8D83-721C4AB4194C}.Debug|Any CPU.ActiveCfg = Debug|Any CPU
		{1C54C423-5F1C-420D-8D83-721C4AB4194C}.Debug|Any CPU.Build.0 = Debug|Any CPU
		{1C54C423-5F1C-420D-8D83-721C4AB4194C}.Release|Any CPU.ActiveCfg = Release|Any CPU
		{1C54C423-5F1C-420D-8D83-721C4AB4194C}.Release|Any CPU.Build.0 = Release|Any CPU
		{B73A6FF4-D170-47CB-A802-38E2F2AACAC5}.Debug|Any CPU.ActiveCfg = Debug|Any CPU
		{B73A6FF4-D170-47CB-A802-38E2F2AACAC5}.Debug|Any CPU.Build.0 = Debug|Any CPU
		{B73A6FF4-D170-47CB-A802-38E2F2AACAC5}.Release|Any CPU.ActiveCfg = Release|Any CPU
		{B73A6FF4-D170-47CB-A802-38E2F2AACAC5}.Release|Any CPU.Build.0 = Release|Any CPU
	EndGlobalSection
	GlobalSection(SolutionProperties) = preSolution
		HideSolutionNode = FALSE
	EndGlobalSection
EndGlobal
